
Microsoft Visual Studio Solution File, Format Version 11.00
# Visual Studio 2010
Project("{FAE04EC0-301F-11D3-BF4B-00C04F79EFBC}") = "MonoBridgeAI", "MonoBridgeAI\MonoBridgeAI.csproj", "{2BF14DC5-7FF8-465E-BF24-89F8FFBDF3AA}"
EndProject
Project("{8BC9CEB8-8B4A-11D0-8D11-00A0C91BC942}") = "MonoBridge", "MonoBridge\MonoBridge.vcxproj", "{D4A7CAED-9893-4D92-8833-A8D7CA6D1D8E}"
EndProject
Project("{FAE04EC0-301F-11D3-BF4B-00C04F79EFBC}") = "bwapi-clr", "bwapi-clr\bwapi-clr.csproj", "{8550F817-891A-41A1-B38B-227FA8B1D041}"
EndProject
Project("{FAE04EC0-301F-11D3-BF4B-00C04F79EFBC}") = "StarcraftBotLib", "StarcraftBotLib\StarcraftBotLib.csproj", "{70550A19-51BF-46AE-B748-07191E2CF155}"
EndProject
Project("{FAE04EC0-301F-11D3-BF4B-00C04F79EFBC}") = "POSH-StarCraftBot-Embedded", "..\scbot.git\POSH-StarCraftBot\POSH-StarCraftBot-Embedded.csproj", "{A4730B6A-6717-48D8-AEB2-810AE3A0315D}"
EndProject
Project("{FAE04EC0-301F-11D3-BF4B-00C04F79EFBC}") = "POSH.core", "..\..\..\..\posh-sharp\core\POSH.core.csproj", "{A29EA261-C940-427B-AB72-B27EEFDC15A0}"
EndProject
Global
	GlobalSection(SolutionConfigurationPlatforms) = preSolution
		Debug|Any CPU = Debug|Any CPU
		Debug|Mixed Platforms = Debug|Mixed Platforms
		Debug|Win32 = Debug|Win32
		Debug|x86 = Debug|x86
		Release|Any CPU = Release|Any CPU
		Release|Mixed Platforms = Release|Mixed Platforms
		Release|Win32 = Release|Win32
		Release|x86 = Release|x86
	EndGlobalSection
	GlobalSection(ProjectConfigurationPlatforms) = postSolution
		{2BF14DC5-7FF8-465E-BF24-89F8FFBDF3AA}.Debug|Any CPU.ActiveCfg = Debug|Any CPU
		{2BF14DC5-7FF8-465E-BF24-89F8FFBDF3AA}.Debug|Any CPU.Build.0 = Debug|Any CPU
		{2BF14DC5-7FF8-465E-BF24-89F8FFBDF3AA}.Debug|Mixed Platforms.ActiveCfg = Debug|Any CPU
		{2BF14DC5-7FF8-465E-BF24-89F8FFBDF3AA}.Debug|Mixed Platforms.Build.0 = Debug|Any CPU
		{2BF14DC5-7FF8-465E-BF24-89F8FFBDF3AA}.Debug|Win32.ActiveCfg = Debug|Any CPU
		{2BF14DC5-7FF8-465E-BF24-89F8FFBDF3AA}.Debug|x86.ActiveCfg = Debug|Any CPU
		{2BF14DC5-7FF8-465E-BF24-89F8FFBDF3AA}.Release|Any CPU.ActiveCfg = Release|Any CPU
		{2BF14DC5-7FF8-465E-BF24-89F8FFBDF3AA}.Release|Any CPU.Build.0 = Release|Any CPU
		{2BF14DC5-7FF8-465E-BF24-89F8FFBDF3AA}.Release|Mixed Platforms.ActiveCfg = Release|Any CPU
		{2BF14DC5-7FF8-465E-BF24-89F8FFBDF3AA}.Release|Mixed Platforms.Build.0 = Release|Any CPU
		{2BF14DC5-7FF8-465E-BF24-89F8FFBDF3AA}.Release|Win32.ActiveCfg = Release|Any CPU
		{2BF14DC5-7FF8-465E-BF24-89F8FFBDF3AA}.Release|x86.ActiveCfg = Release|Any CPU
		{D4A7CAED-9893-4D92-8833-A8D7CA6D1D8E}.Debug|Any CPU.ActiveCfg = Release|Win32
		{D4A7CAED-9893-4D92-8833-A8D7CA6D1D8E}.Debug|Mixed Platforms.ActiveCfg = Release|Win32
		{D4A7CAED-9893-4D92-8833-A8D7CA6D1D8E}.Debug|Mixed Platforms.Build.0 = Release|Win32
		{D4A7CAED-9893-4D92-8833-A8D7CA6D1D8E}.Debug|Win32.ActiveCfg = Release|Win32
		{D4A7CAED-9893-4D92-8833-A8D7CA6D1D8E}.Debug|Win32.Build.0 = Release|Win32
		{D4A7CAED-9893-4D92-8833-A8D7CA6D1D8E}.Debug|x86.ActiveCfg = Release|Win32
		{D4A7CAED-9893-4D92-8833-A8D7CA6D1D8E}.Release|Any CPU.ActiveCfg = Release|Win32
		{D4A7CAED-9893-4D92-8833-A8D7CA6D1D8E}.Release|Mixed Platforms.ActiveCfg = Release|Win32
		{D4A7CAED-9893-4D92-8833-A8D7CA6D1D8E}.Release|Mixed Platforms.Build.0 = Release|Win32
		{D4A7CAED-9893-4D92-8833-A8D7CA6D1D8E}.Release|Win32.ActiveCfg = Release|Win32
		{D4A7CAED-9893-4D92-8833-A8D7CA6D1D8E}.Release|Win32.Build.0 = Release|Win32
		{D4A7CAED-9893-4D92-8833-A8D7CA6D1D8E}.Release|x86.ActiveCfg = Release|Win32
		{8550F817-891A-41A1-B38B-227FA8B1D041}.Debug|Any CPU.ActiveCfg = Debug|Any CPU
		{8550F817-891A-41A1-B38B-227FA8B1D041}.Debug|Any CPU.Build.0 = Debug|Any CPU
		{8550F817-891A-41A1-B38B-227FA8B1D041}.Debug|Mixed Platforms.ActiveCfg = Debug|Any CPU
		{8550F817-891A-41A1-B38B-227FA8B1D041}.Debug|Mixed Platforms.Build.0 = Debug|Any CPU
		{8550F817-891A-41A1-B38B-227FA8B1D041}.Debug|Win32.ActiveCfg = Debug|Any CPU
		{8550F817-891A-41A1-B38B-227FA8B1D041}.Debug|x86.ActiveCfg = Debug|Any CPU
		{8550F817-891A-41A1-B38B-227FA8B1D041}.Release|Any CPU.ActiveCfg = Release|Any CPU
		{8550F817-891A-41A1-B38B-227FA8B1D041}.Release|Any CPU.Build.0 = Release|Any CPU
		{8550F817-891A-41A1-B38B-227FA8B1D041}.Release|Mixed Platforms.ActiveCfg = Release|Any CPU
		{8550F817-891A-41A1-B38B-227FA8B1D041}.Release|Mixed Platforms.Build.0 = Release|Any CPU
		{8550F817-891A-41A1-B38B-227FA8B1D041}.Release|Win32.ActiveCfg = Release|Any CPU
		{8550F817-891A-41A1-B38B-227FA8B1D041}.Release|x86.ActiveCfg = Release|Any CPU
		{70550A19-51BF-46AE-B748-07191E2CF155}.Debug|Any CPU.ActiveCfg = Debug|Any CPU
		{70550A19-51BF-46AE-B748-07191E2CF155}.Debug|Any CPU.Build.0 = Debug|Any CPU
		{70550A19-51BF-46AE-B748-07191E2CF155}.Debug|Mixed Platforms.ActiveCfg = Debug|Any CPU
		{70550A19-51BF-46AE-B748-07191E2CF155}.Debug|Mixed Platforms.Build.0 = Debug|Any CPU
		{70550A19-51BF-46AE-B748-07191E2CF155}.Debug|Win32.ActiveCfg = Debug|Any CPU
		{70550A19-51BF-46AE-B748-07191E2CF155}.Debug|x86.ActiveCfg = Debug|Any CPU
		{70550A19-51BF-46AE-B748-07191E2CF155}.Release|Any CPU.ActiveCfg = Release|Any CPU
		{70550A19-51BF-46AE-B748-07191E2CF155}.Release|Any CPU.Build.0 = Release|Any CPU
		{70550A19-51BF-46AE-B748-07191E2CF155}.Release|Mixed Platforms.ActiveCfg = Release|Any CPU
		{70550A19-51BF-46AE-B748-07191E2CF155}.Release|Mixed Platforms.Build.0 = Release|Any CPU
		{70550A19-51BF-46AE-B748-07191E2CF155}.Release|Win32.ActiveCfg = Release|Any CPU
		{70550A19-51BF-46AE-B748-07191E2CF155}.Release|x86.ActiveCfg = Release|Any CPU
		{A4730B6A-6717-48D8-AEB2-810AE3A0315D}.Debug|Any CPU.ActiveCfg = Debug|Any CPU
		{A4730B6A-6717-48D8-AEB2-810AE3A0315D}.Debug|Any CPU.Build.0 = Debug|Any CPU
		{A4730B6A-6717-48D8-AEB2-810AE3A0315D}.Debug|Mixed Platforms.ActiveCfg = Debug|Any CPU
		{A4730B6A-6717-48D8-AEB2-810AE3A0315D}.Debug|Mixed Platforms.Build.0 = Debug|Any CPU
		{A4730B6A-6717-48D8-AEB2-810AE3A0315D}.Debug|Win32.ActiveCfg = Debug|Any CPU
		{A4730B6A-6717-48D8-AEB2-810AE3A0315D}.Debug|x86.ActiveCfg = Debug|x86
		{A4730B6A-6717-48D8-AEB2-810AE3A0315D}.Debug|x86.Build.0 = Debug|x86
		{A4730B6A-6717-48D8-AEB2-810AE3A0315D}.Release|Any CPU.ActiveCfg = Release|Any CPU
		{A4730B6A-6717-48D8-AEB2-810AE3A0315D}.Release|Any CPU.Build.0 = Release|Any CPU
		{A4730B6A-6717-48D8-AEB2-810AE3A0315D}.Release|Mixed Platforms.ActiveCfg = Release|Any CPU
		{A4730B6A-6717-48D8-AEB2-810AE3A0315D}.Release|Mixed Platforms.Build.0 = Release|Any CPU
		{A4730B6A-6717-48D8-AEB2-810AE3A0315D}.Release|Win32.ActiveCfg = Release|Any CPU
		{A4730B6A-6717-48D8-AEB2-810AE3A0315D}.Release|x86.ActiveCfg = Release|x86
		{A4730B6A-6717-48D8-AEB2-810AE3A0315D}.Release|x86.Build.0 = Release|x86
		{A29EA261-C940-427B-AB72-B27EEFDC15A0}.Debug|Any CPU.ActiveCfg = Debug|Any CPU
		{A29EA261-C940-427B-AB72-B27EEFDC15A0}.Debug|Any CPU.Build.0 = Debug|Any CPU
		{A29EA261-C940-427B-AB72-B27EEFDC15A0}.Debug|Mixed Platforms.ActiveCfg = Debug|Any CPU
		{A29EA261-C940-427B-AB72-B27EEFDC15A0}.Debug|Mixed Platforms.Build.0 = Debug|Any CPU
		{A29EA261-C940-427B-AB72-B27EEFDC15A0}.Debug|Win32.ActiveCfg = Debug|Any CPU
		{A29EA261-C940-427B-AB72-B27EEFDC15A0}.Debug|x86.ActiveCfg = Debug|Any CPU
		{A29EA261-C940-427B-AB72-B27EEFDC15A0}.Release|Any CPU.ActiveCfg = Release|Any CPU
		{A29EA261-C940-427B-AB72-B27EEFDC15A0}.Release|Any CPU.Build.0 = Release|Any CPU
		{A29EA261-C940-427B-AB72-B27EEFDC15A0}.Release|Mixed Platforms.ActiveCfg = Release|Any CPU
		{A29EA261-C940-427B-AB72-B27EEFDC15A0}.Release|Mixed Platforms.Build.0 = Release|Any CPU
		{A29EA261-C940-427B-AB72-B27EEFDC15A0}.Release|Win32.ActiveCfg = Release|Any CPU
		{A29EA261-C940-427B-AB72-B27EEFDC15A0}.Release|x86.ActiveCfg = Release|Any CPU
	EndGlobalSection
	GlobalSection(SolutionProperties) = preSolution
		HideSolutionNode = FALSE
	EndGlobalSection
EndGlobal
